
Microsoft Visual Studio Solution File, Format Version 12.00
# Visual Studio Version 17
VisualStudioVersion = 17.1.32421.90
MinimumVisualStudioVersion = 10.0.40219.1
Project("{FAE04EC0-301F-11D3-BF4B-00C04F79EFBC}") = "ProjetoIMCTeste", "ProjetoIMCTeste\ProjetoIMCTeste.csproj", "{5BFA8FCD-EBD2-4949-BBA8-4304D0433088}"
EndProject
Project("{FAE04EC0-301F-11D3-BF4B-00C04F79EFBC}") = "TestXUnit", "TestXUnit\TestXUnit.csproj", "{31A3E749-9B07-43AE-9D25-9DEF7236FFFB}"
EndProject
Global
	GlobalSection(SolutionConfigurationPlatforms) = preSolution
		Debug|Any CPU = Debug|Any CPU
		Release|Any CPU = Release|Any CPU
	EndGlobalSection
	GlobalSection(ProjectConfigurationPlatforms) = postSolution
		{5BFA8FCD-EBD2-4949-BBA8-4304D0433088}.Debug|Any CPU.ActiveCfg = Debug|Any CPU
		{5BFA8FCD-EBD2-4949-BBA8-4304D0433088}.Debug|Any CPU.Build.0 = Debug|Any CPU
		{5BFA8FCD-EBD2-4949-BBA8-4304D0433088}.Release|Any CPU.ActiveCfg = Release|Any CPU
		{5BFA8FCD-EBD2-4949-BBA8-4304D0433088}.Release|Any CPU.Build.0 = Release|Any CPU
		{31A3E749-9B07-43AE-9D25-9DEF7236FFFB}.Debug|Any CPU.ActiveCfg = Debug|Any CPU
		{31A3E749-9B07-43AE-9D25-9DEF7236FFFB}.Debug|Any CPU.Build.0 = Debug|Any CPU
		{31A3E749-9B07-43AE-9D25-9DEF7236FFFB}.Release|Any CPU.ActiveCfg = Release|Any CPU
		{31A3E749-9B07-43AE-9D25-9DEF7236FFFB}.Release|Any CPU.Build.0 = Release|Any CPU
	EndGlobalSection
	GlobalSection(SolutionProperties) = preSolution
		HideSolutionNode = FALSE
	EndGlobalSection
	GlobalSection(ExtensibilityGlobals) = postSolution
		SolutionGuid = {0D2628FF-8392-466E-B273-0BE33DDEF4E5}
	EndGlobalSection
EndGlobal
